Microsoft Visual Studio Solution File, Format Version 11.00
# Visual Studio 2008

Project("{B442C9FC-6938-30ED-8351-6517512AED73}") = "MUD", "Assembly-CSharp-firstpass.csproj", "{A448E779-18EC-54F8-CA86-DF942C18C84E}"
EndProject
Project("{B442C9FC-6938-30ED-8351-6517512AED73}") = "MUD", "Assembly-CSharp.csproj", "{7544C944-31E4-F8F2-4B95-F024E3EFDE43}"
EndProject
Project("{B442C9FC-6938-30ED-8351-6517512AED73}") = "MUD", "Assembly-CSharp-Editor.csproj", "{D65CA6FA-B396-2694-7CC4-2D84AC577C3A}"
EndProject
Global
	GlobalSection(SolutionConfigurationPlatforms) = preSolution
		Debug|Any CPU = Debug|Any CPU
		Release|Any CPU = Release|Any CPU
	EndGlobalSection
	GlobalSection(ProjectConfigurationPlatforms) = postSolution
		{A448E779-18EC-54F8-CA86-DF942C18C84E}.Debug|Any CPU.ActiveCfg = Debug|Any CPU
		{A448E779-18EC-54F8-CA86-DF942C18C84E}.Debug|Any CPU.Build.0 = Debug|Any CPU
		{A448E779-18EC-54F8-CA86-DF942C18C84E}.Release|Any CPU.ActiveCfg = Release|Any CPU
		{A448E779-18EC-54F8-CA86-DF942C18C84E}.Release|Any CPU.Build.0 = Release|Any CPU
		{7544C944-31E4-F8F2-4B95-F024E3EFDE43}.Debug|Any CPU.ActiveCfg = Debug|Any CPU
		{7544C944-31E4-F8F2-4B95-F024E3EFDE43}.Debug|Any CPU.Build.0 = Debug|Any CPU
		{7544C944-31E4-F8F2-4B95-F024E3EFDE43}.Release|Any CPU.ActiveCfg = Release|Any CPU
		{7544C944-31E4-F8F2-4B95-F024E3EFDE43}.Release|Any CPU.Build.0 = Release|Any CPU
		{D65CA6FA-B396-2694-7CC4-2D84AC577C3A}.Debug|Any CPU.ActiveCfg = Debug|Any CPU
		{D65CA6FA-B396-2694-7CC4-2D84AC577C3A}.Debug|Any CPU.Build.0 = Debug|Any CPU
		{D65CA6FA-B396-2694-7CC4-2D84AC577C3A}.Release|Any CPU.ActiveCfg = Release|Any CPU
		{D65CA6FA-B396-2694-7CC4-2D84AC577C3A}.Release|Any CPU.Build.0 = Release|Any CPU
	EndGlobalSection
	GlobalSection(SolutionProperties) = preSolution
		HideSolutionNode = FALSE
	EndGlobalSection
	GlobalSection(MonoDevelopProperties) = preSolution
		StartupItem = Assembly-CSharp.csproj
	EndGlobalSection
EndGlobal
